// !$*UTF8*$!
{
 archiveVersion = 1;
 classes = {};
 objectVersion = 56;
 objects = {
  A00000000000000000000001 = {isa = PBXProject; attributes = {LastUpgradeCheck = 1600;}; buildConfigurationList = A00000000000000000000002; compatibilityVersion = "Xcode 14.0"; developmentRegion = en; hasScannedForEncodings = 0; knownRegions = (en, Base); mainGroup = A00000000000000000000003; productRefGroup = A00000000000000000000004; projectDirPath = ""; projectRoot = ""; targets = (A00000000000000000000005, D00000000000000000000001);};
  A00000000000000000000002 = {isa = XCConfigurationList; buildConfigurations = (A00000000000000000000006, A00000000000000000000007); defaultConfigurationIsVisible = 0; defaultConfigurationName = Release;};
  A00000000000000000000003 = {isa = PBXGroup; children = (D00000000000000000000002, B000000000000000000000007, B000000000000000000000006, B00000000000000000000000, B00000000000000000000001, B00000000000000000000002, B00000000000000000000003, B00000000000000000000004, B00000000000000000000005, A00000000000000000000008, A00000000000000000000004); sourceTree = "<group>";};
  A00000000000000000000004 = {isa = PBXGroup; children = (A00000000000000000000009, D00000000000000000000003); name = Products; sourceTree = "<group>";};
  A00000000000000000000005 = {isa = PBXNativeTarget; buildConfigurationList = A00000000000000000000010; buildPhases = (A00000000000000000000011, A00000000000000000000012); buildRules = (); dependencies = (D00000000000000000000004); name = EnrichedHtmlTests; productName = EnrichedHtmlTests; productReference = A00000000000000000000009; productType = "com.apple.product-type.bundle.unit-test";};
  A00000000000000000000006 = {isa = XCBuildConfiguration; buildSettings = {CLANG_ENABLE_MODULES = YES; CLANG_ENABLE_OBJC_ARC = YES; CLANG_CXX_LANGUAGE_STANDARD = "c++20"; IPHONEOS_DEPLOYMENT_TARGET = 15.0; SDKROOT = iphoneos;}; name = Debug;};
  A00000000000000000000007 = {isa = XCBuildConfiguration; buildSettings = {CLANG_ENABLE_MODULES = YES; CLANG_ENABLE_OBJC_ARC = YES; CLANG_CXX_LANGUAGE_STANDARD = "c++20"; IPHONEOS_DEPLOYMENT_TARGET = 15.0; SDKROOT = iphoneos;}; name = Release;};
  A00000000000000000000008 = {isa = PBXFileReference; lastKnownFileType = sourcecode.cpp.objcpp; path = EnrichedHtmlTests.mm; sourceTree = "<group>";};
  A00000000000000000000009 = {isa = PBXFileReference; explicitFileType = wrapper.cfbundle; includeInIndex = 0; path = EnrichedHtmlTests.xctest; sourceTree = BUILT_PRODUCTS_DIR;};
  A00000000000000000000010 = {isa = XCConfigurationList; buildConfigurations = (A00000000000000000000013, A00000000000000000000014); defaultConfigurationIsVisible = 0; defaultConfigurationName = Release;};
  A00000000000000000000011 = {isa = PBXSourcesBuildPhase; buildActionMask = 2147483647; files = (A00000000000000000000015, C000000000000000000000007, C000000000000000000000006, C00000000000000000000000, C00000000000000000000001, C00000000000000000000002, C00000000000000000000003, C00000000000000000000004, C00000000000000000000005); runOnlyForDeploymentPostprocessing = 0;};
  A00000000000000000000012 = {isa = PBXFrameworksBuildPhase; buildActionMask = 2147483647; files = (); runOnlyForDeploymentPostprocessing = 0;};
  A00000000000000000000013 = {isa = XCBuildConfiguration; buildSettings = {CODE_SIGNING_ALLOWED = NO; COPY_PHASE_STRIP = NO; STRIP_INSTALLED_PRODUCT = NO; OTHER_LDFLAGS = ("-framework", UIKit, "-framework", CoreGraphics, "-framework", ImageIO); GENERATE_INFOPLIST_FILE = YES; PRODUCT_BUNDLE_IDENTIFIER = org.enrichedhtml.tests; TEST_HOST = "$(BUILT_PRODUCTS_DIR)/EnrichedHtmlTestHost.app/EnrichedHtmlTestHost"; BUNDLE_LOADER = "$(TEST_HOST)"; PRODUCT_NAME = "$(TARGET_NAME)"; SUPPORTED_PLATFORMS = "iphonesimulator iphoneos"; TARGETED_DEVICE_FAMILY = "1,2"; HEADER_SEARCH_PATHS = ("$(SRCROOT)/../../ios/interfaces", "$(SRCROOT)/../../ios/utils", "$(SRCROOT)/../../ios/customEmoji", "$(SRCROOT)/../../ios/extensions");}; name = Debug;};
  A00000000000000000000014 = {isa = XCBuildConfiguration; buildSettings = {CODE_SIGNING_ALLOWED = NO; COPY_PHASE_STRIP = NO; STRIP_INSTALLED_PRODUCT = NO; OTHER_LDFLAGS = ("-framework", UIKit, "-framework", CoreGraphics, "-framework", ImageIO); GENERATE_INFOPLIST_FILE = YES; PRODUCT_BUNDLE_IDENTIFIER = org.enrichedhtml.tests; TEST_HOST = "$(BUILT_PRODUCTS_DIR)/EnrichedHtmlTestHost.app/EnrichedHtmlTestHost"; BUNDLE_LOADER = "$(TEST_HOST)"; PRODUCT_NAME = "$(TARGET_NAME)"; SUPPORTED_PLATFORMS = "iphonesimulator iphoneos"; TARGETED_DEVICE_FAMILY = "1,2"; HEADER_SEARCH_PATHS = ("$(SRCROOT)/../../ios/interfaces", "$(SRCROOT)/../../ios/utils", "$(SRCROOT)/../../ios/customEmoji", "$(SRCROOT)/../../ios/extensions");}; name = Release;};
  A00000000000000000000015 = {isa = PBXBuildFile; fileRef = A00000000000000000000008;};
  B00000000000000000000000 = {isa = PBXFileReference; lastKnownFileType = sourcecode.cpp.objcpp; path = "../../ios/customEmoji/CustomEmojiUtils.mm"; sourceTree = "<group>";};
  C00000000000000000000000 = {isa = PBXBuildFile; fileRef = B00000000000000000000000;};
  B00000000000000000000001 = {isa = PBXFileReference; lastKnownFileType = sourcecode.cpp.objcpp; path = "../../ios/customEmoji/CustomEmojiAttachment.mm"; sourceTree = "<group>";};
  C00000000000000000000001 = {isa = PBXBuildFile; fileRef = B00000000000000000000001;};
  B00000000000000000000002 = {isa = PBXFileReference; lastKnownFileType = sourcecode.cpp.objcpp; path = "../../ios/interfaces/MediaAttachment.mm"; sourceTree = "<group>";};
  C00000000000000000000002 = {isa = PBXBuildFile; fileRef = B00000000000000000000002;};
  B00000000000000000000003 = {isa = PBXFileReference; lastKnownFileType = sourcecode.cpp.objcpp; path = "../../ios/interfaces/ImageAttachment.mm"; sourceTree = "<group>";};
  C00000000000000000000003 = {isa = PBXBuildFile; fileRef = B00000000000000000000003;};
  B00000000000000000000004 = {isa = PBXFileReference; lastKnownFileType = sourcecode.cpp.objcpp; path = "../../ios/interfaces/ImageData.mm"; sourceTree = "<group>";};
  C00000000000000000000004 = {isa = PBXBuildFile; fileRef = B00000000000000000000004;};
  B00000000000000000000005 = {isa = PBXFileReference; lastKnownFileType = sourcecode.cpp.objcpp; path = "../../ios/extensions/ImageExtension.mm"; sourceTree = "<group>";};
  C00000000000000000000005 = {isa = PBXBuildFile; fileRef = B00000000000000000000005;};
  B000000000000000000000006 = {isa = PBXFileReference; lastKnownFileType = sourcecode.cpp.objcpp; path = "../../ios/interfaces/MentionParams.mm"; sourceTree = "<group>";};
  C000000000000000000000006 = {isa = PBXBuildFile; fileRef = B000000000000000000000006;};
  B000000000000000000000007 = {isa = PBXFileReference; lastKnownFileType = sourcecode.cpp.objcpp; path = "../../ios/customEmoji/CustomEmojiHistory.mm"; sourceTree = "<group>";};
  C000000000000000000000007 = {isa = PBXBuildFile; fileRef = B000000000000000000000007;};
  D00000000000000000000001 = {isa = PBXNativeTarget; buildConfigurationList = D00000000000000000000005; buildPhases = (D00000000000000000000006, D00000000000000000000007); buildRules = (); dependencies = (); name = EnrichedHtmlTestHost; productName = EnrichedHtmlTestHost; productReference = D00000000000000000000003; productType = "com.apple.product-type.application";};
  D00000000000000000000002 = {isa = PBXFileReference; lastKnownFileType = sourcecode.c.objc; path = TestHost.m; sourceTree = "<group>";};
  D00000000000000000000003 = {isa = PBXFileReference; explicitFileType = wrapper.application; includeInIndex = 0; path = EnrichedHtmlTestHost.app; sourceTree = BUILT_PRODUCTS_DIR;};
  D00000000000000000000004 = {isa = PBXTargetDependency; target = D00000000000000000000001; targetProxy = D00000000000000000000008;};
  D00000000000000000000005 = {isa = XCConfigurationList; buildConfigurations = (D00000000000000000000009, D00000000000000000000010); defaultConfigurationIsVisible = 0; defaultConfigurationName = Release;};
  D00000000000000000000006 = {isa = PBXSourcesBuildPhase; buildActionMask = 2147483647; files = (D00000000000000000000011); runOnlyForDeploymentPostprocessing = 0;};
  D00000000000000000000007 = {isa = PBXFrameworksBuildPhase; buildActionMask = 2147483647; files = (); runOnlyForDeploymentPostprocessing = 0;};
  D00000000000000000000008 = {isa = PBXContainerItemProxy; containerPortal = A00000000000000000000001; proxyType = 1; remoteGlobalIDString = D00000000000000000000001; remoteInfo = EnrichedHtmlTestHost;};
  D00000000000000000000009 = {isa = XCBuildConfiguration; buildSettings = {CODE_SIGNING_ALLOWED = NO; COPY_PHASE_STRIP = NO; STRIP_INSTALLED_PRODUCT = NO; GENERATE_INFOPLIST_FILE = YES; PRODUCT_BUNDLE_IDENTIFIER = org.enrichedhtml.testhost; PRODUCT_NAME = "$(TARGET_NAME)"; SUPPORTED_PLATFORMS = "iphonesimulator iphoneos"; TARGETED_DEVICE_FAMILY = "1,2"; OTHER_LDFLAGS = ("-framework", UIKit); INFOPLIST_KEY_UILaunchScreen_Generation = YES;}; name = Debug;};
  D00000000000000000000010 = {isa = XCBuildConfiguration; buildSettings = {CODE_SIGNING_ALLOWED = NO; COPY_PHASE_STRIP = NO; STRIP_INSTALLED_PRODUCT = NO; GENERATE_INFOPLIST_FILE = YES; PRODUCT_BUNDLE_IDENTIFIER = org.enrichedhtml.testhost; PRODUCT_NAME = "$(TARGET_NAME)"; SUPPORTED_PLATFORMS = "iphonesimulator iphoneos"; TARGETED_DEVICE_FAMILY = "1,2"; OTHER_LDFLAGS = ("-framework", UIKit); INFOPLIST_KEY_UILaunchScreen_Generation = YES;}; name = Release;};
  D00000000000000000000011 = {isa = PBXBuildFile; fileRef = D00000000000000000000002;};
 };
 rootObject = A00000000000000000000001;
}
